// !$*UTF8*$!
{
	archiveVersion = 1;
	classes = {
	};
	objectVersion = 46;
	objects = {

/* Begin PBXBuildFile section */
		630BADDF1D4F229000E3A25D /* main.m in Sources */ = {isa = PBXBuildFile; fileRef = 630BADDE1D4F229000E3A25D /* main.m */; };
		630BADE21D4F229000E3A25D /* AppDelegate.m in Sources */ = {isa = PBXBuildFile; fileRef = 630BADE11D4F229000E3A25D /* AppDelegate.m */; };
		630BADE51D4F229000E3A25D /* ViewController.m in Sources */ = {isa = PBXBuildFile; fileRef = 630BADE41D4F229000E3A25D /* ViewController.m */; };
		630BADE81D4F229000E3A25D /* Main.storyboard in Resources */ = {isa = PBXBuildFile; fileRef = 630BADE61D4F229000E3A25D /* Main.storyboard */; };
		630BADED1D4F229000E3A25D /* LaunchScreen.storyboard in Resources */ = {isa = PBXBuildFile; fileRef = 630BADEB1D4F229000E3A25D /* LaunchScreen.storyboard */; };
		630BADF51D4F255000E3A25D /* Images.xcassets in Resources */ = {isa = PBXBuildFile; fileRef = 630BADF41D4F255000E3A25D /* Images.xcassets */; };
		6325BF0E1D5039C1006DD4DF /* HumidityView.m in Sources */ = {isa = PBXBuildFile; fileRef = 6325BF0D1D5039C1006DD4DF /* HumidityView.m */; };
		6325BF111D5039D3006DD4DF /* WeatherInfoView.m in Sources */ = {isa = PBXBuildFile; fileRef = 6325BF101D5039D3006DD4DF /* WeatherInfoView.m */; };
		6325BF141D5039EE006DD4DF /* TemperatureView.m in Sources */ = {isa = PBXBuildFile; fileRef = 6325BF131D5039EE006DD4DF /* TemperatureView.m */; };
		6325BF171D503A05006DD4DF /* SunInfoView.m in Sources */ = {isa = PBXBuildFile; fileRef = 6325BF161D503A05006DD4DF /* SunInfoView.m */; };
		6325BF1A1D503A23006DD4DF /* MaxMinTempView.m in Sources */ = {isa = PBXBuildFile; fileRef = 6325BF191D503A23006DD4DF /* MaxMinTempView.m */; };
		6325BF1D1D503A31006DD4DF /* WindSpeedView.m in Sources */ = {isa = PBXBuildFile; fileRef = 6325BF1C1D503A31006DD4DF /* WindSpeedView.m */; };
		6325BF221D503C97006DD4DF /* UIView+SetRect.m in Sources */ = {isa = PBXBuildFile; fileRef = 6325BF211D503C97006DD4DF /* UIView+SetRect.m */; };
		6325BF261D50432D006DD4DF /* TitleMoveLabel.m in Sources */ = {isa = PBXBuildFile; fileRef = 6325BF251D50432D006DD4DF /* TitleMoveLabel.m */; };
		6325BF291D5071CE006DD4DF /* Lato-Bold.ttf in Resources */ = {isa = PBXBuildFile; fileRef = 6325BF281D5071CE006DD4DF /* Lato-Bold.ttf */; };
		6325BF2B1D5071D8006DD4DF /* Lato-ThinItalic.ttf in Resources */ = {isa = PBXBuildFile; fileRef = 6325BF2A1D5071D8006DD4DF /* Lato-ThinItalic.ttf */; };
		6325BF2D1D5071E4006DD4DF /* Lato-Thin.ttf in Resources */ = {isa = PBXBuildFile; fileRef = 6325BF2C1D5071E4006DD4DF /* Lato-Thin.ttf */; };
		6325BF2F1D5071E9006DD4DF /* Lato-Regular.ttf in Resources */ = {isa = PBXBuildFile; fileRef = 6325BF2E1D5071E9006DD4DF /* Lato-Regular.ttf */; };
		6325BF311D5071EE006DD4DF /* Lato-Light.ttf in Resources */ = {isa = PBXBuildFile; fileRef = 6325BF301D5071EE006DD4DF /* Lato-Light.ttf */; };
		6325BF331D5071F7006DD4DF /* Weather&Time.ttf in Resources */ = {isa = PBXBuildFile; fileRef = 6325BF321D5071F7006DD4DF /* Weather&Time.ttf */; };
		637FD7081D4F3F3400BAA8C7 /* WeatherView.m in Sources */ = {isa = PBXBuildFile; fileRef = 637FD7071D4F3F3400BAA8C7 /* WeatherView.m */; };
/* End PBXBuildFile section */

/* Begin PBXFileReference section */
		630BADDA1D4F228F00E3A25D /* Imitate_YoCelsius.app */ = {isa = PBXFileReference; explicitFileType = wrapper.application; includeInIndex = 0; path = Imitate_YoCelsius.app; sourceTree = BUILT_PRODUCTS_DIR; };
		630BADDE1D4F229000E3A25D /* main.m */ = {isa = PBXFileReference; lastKnownFileType = sourcecode.c.objc; path = main.m; sourceTree = "<group>"; };
		630BADE01D4F229000E3A25D /* AppDelegate.h */ = {isa = PBXFileReference; lastKnownFileType = sourcecode.c.h; path = AppDelegate.h; sourceTree = "<group>"; };
		630BADE11D4F229000E3A25D /* AppDelegate.m */ = {isa = PBXFileReference; lastKnownFileType = sourcecode.c.objc; path = AppDelegate.m; sourceTree = "<group>"; };
		630BADE31D4F229000E3A25D /* ViewController.h */ = {isa = PBXFileReference; lastKnownFileType = sourcecode.c.h; path = ViewController.h; sourceTree = "<group>"; };
		630BADE41D4F229000E3A25D /* ViewController.m */ = {isa = PBXFileReference; lastKnownFileType = sourcecode.c.objc; path = ViewController.m; sourceTree = "<group>"; };
		630BADE71D4F229000E3A25D /* Base */ = {isa = PBXFileReference; lastKnownFileType = file.storyboard; name = Base; path = Base.lproj/Main.storyboard; sourceTree = "<group>"; };
		630BADEC1D4F229000E3A25D /* Base */ = {isa = PBXFileReference; lastKnownFileType = file.storyboard; name = Base; path = Base.lproj/LaunchScreen.storyboard; sourceTree = "<group>"; };
		630BADEE1D4F229000E3A25D /* Info.plist */ = {isa = PBXFileReference; lastKnownFileType = text.plist.xml; path = Info.plist; sourceTree = "<group>"; };
		630BADF41D4F255000E3A25D /* Images.xcassets */ = {isa = PBXFileReference; lastKnownFileType = folder.assetcatalog; path = Images.xcassets; sourceTree = "<group>"; };
		6325BF0C1D5039C1006DD4DF /* HumidityView.h */ = {isa = PBXFileReference; fileEncoding = 4; lastKnownFileType = sourcecode.c.h; path = HumidityView.h; sourceTree = "<group>"; };
		6325BF0D1D5039C1006DD4DF /* HumidityView.m */ = {isa = PBXFileReference; fileEncoding = 4; lastKnownFileType = sourcecode.c.objc; path = HumidityView.m; sourceTree = "<group>"; };
		6325BF0F1D5039D3006DD4DF /* WeatherInfoView.h */ = {isa = PBXFileReference; fileEncoding = 4; lastKnownFileType = sourcecode.c.h; path = WeatherInfoView.h; sourceTree = "<group>"; };
		6325BF101D5039D3006DD4DF /* WeatherInfoView.m */ = {isa = PBXFileReference; fileEncoding = 4; lastKnownFileType = sourcecode.c.objc; path = WeatherInfoView.m; sourceTree = "<group>"; };
		6325BF121D5039EE006DD4DF /* TemperatureView.h */ = {isa = PBXFileReference; fileEncoding = 4; lastKnownFileType = sourcecode.c.h; path = TemperatureView.h; sourceTree = "<group>"; };
		6325BF131D5039EE006DD4DF /* TemperatureView.m */ = {isa = PBXFileReference; fileEncoding = 4; lastKnownFileType = sourcecode.c.objc; path = TemperatureView.m; sourceTree = "<group>"; };
		6325BF151D503A05006DD4DF /* SunInfoView.h */ = {isa = PBXFileReference; fileEncoding = 4; lastKnownFileType = sourcecode.c.h; path = SunInfoView.h; sourceTree = "<group>"; };
		6325BF161D503A05006DD4DF /* SunInfoView.m */ = {isa = PBXFileReference; fileEncoding = 4; lastKnownFileType = sourcecode.c.objc; path = SunInfoView.m; sourceTree = "<group>"; };
		6325BF181D503A23006DD4DF /* MaxMinTempView.h */ = {isa = PBXFileReference; fileEncoding = 4; lastKnownFileType = sourcecode.c.h; path = MaxMinTempView.h; sourceTree = "<group>"; };
		6325BF191D503A23006DD4DF /* MaxMinTempView.m */ = {isa = PBXFileReference; fileEncoding = 4; lastKnownFileType = sourcecode.c.objc; path = MaxMinTempView.m; sourceTree = "<group>"; };
		6325BF1B1D503A31006DD4DF /* WindSpeedView.h */ = {isa = PBXFileReference; fileEncoding = 4; lastKnownFileType = sourcecode.c.h; path = WindSpeedView.h; sourceTree = "<group>"; };
		6325BF1C1D503A31006DD4DF /* WindSpeedView.m */ = {isa = PBXFileReference; fileEncoding = 4; lastKnownFileType = sourcecode.c.objc; path = WindSpeedView.m; sourceTree = "<group>"; };
		6325BF1E1D503AB6006DD4DF /* PrefixHeader.pch */ = {isa = PBXFileReference; lastKnownFileType = sourcecode.c.h; path = PrefixHeader.pch; sourceTree = "<group>"; };
		6325BF201D503C97006DD4DF /* UIView+SetRect.h */ = {isa = PBXFileReference; fileEncoding = 4; lastKnownFileType = sourcecode.c.h; path = "UIView+SetRect.h"; sourceTree = "<group>"; };
		6325BF211D503C97006DD4DF /* UIView+SetRect.m */ = {isa = PBXFileReference; fileEncoding = 4; lastKnownFileType = sourcecode.c.objc; path = "UIView+SetRect.m"; sourceTree = "<group>"; };
		6325BF241D50432D006DD4DF /* TitleMoveLabel.h */ = {isa = PBXFileReference; fileEncoding = 4; lastKnownFileType = sourcecode.c.h; path = TitleMoveLabel.h; sourceTree = "<group>"; };
		6325BF251D50432D006DD4DF /* TitleMoveLabel.m */ = {isa = PBXFileReference; fileEncoding = 4; lastKnownFileType = sourcecode.c.objc; path = TitleMoveLabel.m; sourceTree = "<group>"; };
		6325BF281D5071CE006DD4DF /* Lato-Bold.ttf */ = {isa = PBXFileReference; lastKnownFileType = file; path = "Lato-Bold.ttf"; sourceTree = "<group>"; };
		6325BF2A1D5071D8006DD4DF /* Lato-ThinItalic.ttf */ = {isa = PBXFileReference; lastKnownFileType = file; path = "Lato-ThinItalic.ttf"; sourceTree = "<group>"; };
		6325BF2C1D5071E4006DD4DF /* Lato-Thin.ttf */ = {isa = PBXFileReference; lastKnownFileType = file; path = "Lato-Thin.ttf"; sourceTree = "<group>"; };
		6325BF2E1D5071E9006DD4DF /* Lato-Regular.ttf */ = {isa = PBXFileReference; lastKnownFileType = file; path = "Lato-Regular.ttf"; sourceTree = "<group>"; };
		6325BF301D5071EE006DD4DF /* Lato-Light.ttf */ = {isa = PBXFileReference; lastKnownFileType = file; path = "Lato-Light.ttf"; sourceTree = "<group>"; };
		6325BF321D5071F7006DD4DF /* Weather&Time.ttf */ = {isa = PBXFileReference; lastKnownFileType = file; path = "Weather&Time.ttf"; sourceTree = "<group>"; };
		637FD7061D4F3F3400BAA8C7 /* WeatherView.h */ = {isa = PBXFileReference; fileEncoding = 4; lastKnownFileType = sourcecode.c.h; path = WeatherView.h; sourceTree = "<group>"; };
		637FD7071D4F3F3400BAA8C7 /* WeatherView.m */ = {isa = PBXFileReference; fileEncoding = 4; lastKnownFileType = sourcecode.c.objc; path = WeatherView.m; sourceTree = "<group>"; };
/* End PBXFileReference section */

/* Begin PBXFrameworksBuildPhase section */
		630BADD71D4F228F00E3A25D /* Frameworks */ = {
			isa = PBXFrameworksBuildPhase;
			buildActionMask = 2147483647;
			files = (
			);
			runOnlyForDeploymentPostprocessing = 0;
		};
/* End PBXFrameworksBuildPhase section */

/* Begin PBXGroup section */
		630BADD11D4F228F00E3A25D = {
			isa = PBXGroup;
			children = (
				630BADDC1D4F229000E3A25D /* Imitate_YoCelsius */,
				630BADDB1D4F228F00E3A25D /* Products */,
			);
			sourceTree = "<group>";
		};
		630BADDB1D4F228F00E3A25D /* Products */ = {
			isa = PBXGroup;
			children = (
				630BADDA1D4F228F00E3A25D /* Imitate_YoCelsius.app */,
			);
			name = Products;
			sourceTree = "<group>";
		};
		630BADDC1D4F229000E3A25D /* Imitate_YoCelsius */ = {
			isa = PBXGroup;
			children = (
				630BADE01D4F229000E3A25D /* AppDelegate.h */,
				630BADE11D4F229000E3A25D /* AppDelegate.m */,
				630BADE31D4F229000E3A25D /* ViewController.h */,
				630BADE41D4F229000E3A25D /* ViewController.m */,
				6325BF1E1D503AB6006DD4DF /* PrefixHeader.pch */,
				6325BF1F1D503C31006DD4DF /* SetRect */,
				637FD7051D4F3F0D00BAA8C7 /* CustomView */,
				6325BF271D50719C006DD4DF /* OtherFiles */,
				630BADDD1D4F229000E3A25D /* Supporting Files */,
			);
			path = Imitate_YoCelsius;
			sourceTree = "<group>";
		};
		630BADDD1D4F229000E3A25D /* Supporting Files */ = {
			isa = PBXGroup;
			children = (
				630BADDE1D4F229000E3A25D /* main.m */,
			);
			name = "Supporting Files";
			sourceTree = "<group>";
		};
		6325BF1F1D503C31006DD4DF /* SetRect */ = {
			isa = PBXGroup;
			children = (
				6325BF201D503C97006DD4DF /* UIView+SetRect.h */,
				6325BF211D503C97006DD4DF /* UIView+SetRect.m */,
			);
			name = SetRect;
			sourceTree = "<group>";
		};
		6325BF231D5042ED006DD4DF /* WeatherView */ = {
			isa = PBXGroup;
			children = (
				637FD7061D4F3F3400BAA8C7 /* WeatherView.h */,
				637FD7071D4F3F3400BAA8C7 /* WeatherView.m */,
				6325BF0F1D5039D3006DD4DF /* WeatherInfoView.h */,
				6325BF101D5039D3006DD4DF /* WeatherInfoView.m */,
				6325BF121D5039EE006DD4DF /* TemperatureView.h */,
				6325BF131D5039EE006DD4DF /* TemperatureView.m */,
				6325BF0C1D5039C1006DD4DF /* HumidityView.h */,
				6325BF0D1D5039C1006DD4DF /* HumidityView.m */,
				6325BF151D503A05006DD4DF /* SunInfoView.h */,
				6325BF161D503A05006DD4DF /* SunInfoView.m */,
				6325BF181D503A23006DD4DF /* MaxMinTempView.h */,
				6325BF191D503A23006DD4DF /* MaxMinTempView.m */,
				6325BF1B1D503A31006DD4DF /* WindSpeedView.h */,
				6325BF1C1D503A31006DD4DF /* WindSpeedView.m */,
			);
			name = WeatherView;
			sourceTree = "<group>";
		};
		6325BF271D50719C006DD4DF /* OtherFiles */ = {
			isa = PBXGroup;
			children = (
				6325BF281D5071CE006DD4DF /* Lato-Bold.ttf */,
				6325BF2A1D5071D8006DD4DF /* Lato-ThinItalic.ttf */,
				6325BF2C1D5071E4006DD4DF /* Lato-Thin.ttf */,
				6325BF2E1D5071E9006DD4DF /* Lato-Regular.ttf */,
				6325BF301D5071EE006DD4DF /* Lato-Light.ttf */,
				6325BF321D5071F7006DD4DF /* Weather&Time.ttf */,
				630BADE61D4F229000E3A25D /* Main.storyboard */,
				630BADEB1D4F229000E3A25D /* LaunchScreen.storyboard */,
				630BADEE1D4F229000E3A25D /* Info.plist */,
				630BADF41D4F255000E3A25D /* Images.xcassets */,
			);
			name = OtherFiles;
			sourceTree = "<group>";
		};
		637FD7051D4F3F0D00BAA8C7 /* CustomView */ = {
			isa = PBXGroup;
			children = (
				6325BF231D5042ED006DD4DF /* WeatherView */,
				6325BF241D50432D006DD4DF /* TitleMoveLabel.h */,
				6325BF251D50432D006DD4DF /* TitleMoveLabel.m */,
			);
			name = CustomView;
			sourceTree = "<group>";
		};
/* End PBXGroup section */

/* Begin PBXNativeTarget section */
		630BADD91D4F228F00E3A25D /* Imitate_YoCelsius */ = {
			isa = PBXNativeTarget;
			buildConfigurationList = 630BADF11D4F229000E3A25D /* Build configuration list for PBXNativeTarget "Imitate_YoCelsius" */;
			buildPhases = (
				630BADD61D4F228F00E3A25D /* Sources */,
				630BADD71D4F228F00E3A25D /* Frameworks */,
				630BADD81D4F228F00E3A25D /* Resources */,
			);
			buildRules = (
			);
			dependencies = (
			);
			name = Imitate_YoCelsius;
			productName = Imitate_YoCelsius;
			productReference = 630BADDA1D4F228F00E3A25D /* Imitate_YoCelsius.app */;
			productType = "com.apple.product-type.application";
		};
/* End PBXNativeTarget section */

/* Begin PBXProject section */
		630BADD21D4F228F00E3A25D /* Project object */ = {
			isa = PBXProject;
			attributes = {
				LastUpgradeCheck = 0730;
				ORGANIZATIONNAME = Unique;
				TargetAttributes = {
					630BADD91D4F228F00E3A25D = {
						CreatedOnToolsVersion = 7.3.1;
					};
				};
			};
			buildConfigurationList = 630BADD51D4F228F00E3A25D /* Build configuration list for PBXProject "Imitate_YoCelsius" */;
			compatibilityVersion = "Xcode 3.2";
			developmentRegion = English;
			hasScannedForEncodings = 0;
			knownRegions = (
				en,
				Base,
			);
			mainGroup = 630BADD11D4F228F00E3A25D;
			productRefGroup = 630BADDB1D4F228F00E3A25D /* Products */;
			projectDirPath = "";
			projectRoot = "";
			targets = (
				630BADD91D4F228F00E3A25D /* Imitate_YoCelsius */,
			);
		};
/* End PBXProject section */

/* Begin PBXResourcesBuildPhase section */
		630BADD81D4F228F00E3A25D /* Resources */ = {
			isa = PBXResourcesBuildPhase;
			buildActionMask = 2147483647;
			files = (
				630BADED1D4F229000E3A25D /* LaunchScreen.storyboard in Resources */,
				6325BF2D1D5071E4006DD4DF /* Lato-Thin.ttf in Resources */,
				630BADF51D4F255000E3A25D /* Images.xcassets in Resources */,
				6325BF2B1D5071D8006DD4DF /* Lato-ThinItalic.ttf in Resources */,
				6325BF2F1D5071E9006DD4DF /* Lato-Regular.ttf in Resources */,
				6325BF331D5071F7006DD4DF /* Weather&Time.ttf in Resources */,
				630BADE81D4F229000E3A25D /* Main.storyboard in Resources */,
				6325BF291D5071CE006DD4DF /* Lato-Bold.ttf in Resources */,
				6325BF311D5071EE006DD4DF /* Lato-Light.ttf in Resources */,
			);
			runOnlyForDeploymentPostprocessing = 0;
		};
/* End PBXResourcesBuildPhase section */

/* Begin PBXSourcesBuildPhase section */
		630BADD61D4F228F00E3A25D /* Sources */ = {
			isa = PBXSourcesBuildPhase;
			buildActionMask = 2147483647;
			files = (
				6325BF0E1D5039C1006DD4DF /* HumidityView.m in Sources */,
				630BADE51D4F229000E3A25D /* ViewController.m in Sources */,
				6325BF1D1D503A31006DD4DF /* WindSpeedView.m in Sources */,
				630BADE21D4F229000E3A25D /* AppDelegate.m in Sources */,
				6325BF261D50432D006DD4DF /* TitleMoveLabel.m in Sources */,
				630BADDF1D4F229000E3A25D /* main.m in Sources */,
				6325BF141D5039EE006DD4DF /* TemperatureView.m in Sources */,
				6325BF171D503A05006DD4DF /* SunInfoView.m in Sources */,
				6325BF1A1D503A23006DD4DF /* MaxMinTempView.m in Sources */,
				6325BF221D503C97006DD4DF /* UIView+SetRect.m in Sources */,
				637FD7081D4F3F3400BAA8C7 /* WeatherView.m in Sources */,
				6325BF111D5039D3006DD4DF /* WeatherInfoView.m in Sources */,
			);
			runOnlyForDeploymentPostprocessing = 0;
		};
/* End PBXSourcesBuildPhase section */

/* Begin PBXVariantGroup section */
		630BADE61D4F229000E3A25D /* Main.storyboard */ = {
			isa = PBXVariantGroup;
			children = (
				630BADE71D4F229000E3A25D /* Base */,
			);
			name = Main.storyboard;
			sourceTree = "<group>";
		};
		630BADEB1D4F229000E3A25D /* LaunchScreen.storyboard */ = {
			isa = PBXVariantGroup;
			children = (
				630BADEC1D4F229000E3A25D /* Base */,
			);
			name = LaunchScreen.storyboard;
			sourceTree = "<group>";
		};
/* End PBXVariantGroup section */

/* Begin XCBuildConfiguration section */
		630BADEF1D4F229000E3A25D /* Debug */ = {
			isa = XCBuildConfiguration;
			buildSettings = {
				ALWAYS_SEARCH_USER_PATHS = NO;
				CLANG_ANALYZER_NONNULL = YES;
				CLANG_CXX_LANGUAGE_STANDARD = "gnu++0x";
				CLANG_CXX_LIBRARY = "libc++";
				CLANG_ENABLE_MODULES = YES;
				CLANG_ENABLE_OBJC_ARC = YES;
				CLANG_WARN_BOOL_CONVERSION = YES;
				CLANG_WARN_CONSTANT_CONVERSION = YES;
				CLANG_WARN_DIRECT_OBJC_ISA_USAGE = YES_ERROR;
				CLANG_WARN_EMPTY_BODY = YES;
				CLANG_WARN_ENUM_CONVERSION = YES;
				CLANG_WARN_INT_CONVERSION = YES;
				CLANG_WARN_OBJC_ROOT_CLASS = YES_ERROR;
				CLANG_WARN_UNREACHABLE_CODE = YES;
				CLANG_WARN__DUPLICATE_METHOD_MATCH = YES;
				"CODE_SIGN_IDENTITY[sdk=iphoneos*]" = "iPhone Developer";
				COPY_PHASE_STRIP = NO;
				DEBUG_INFORMATION_FORMAT = dwarf;
				ENABLE_STRICT_OBJC_MSGSEND = YES;
				ENABLE_TESTABILITY = YES;
				GCC_C_LANGUAGE_STANDARD = gnu99;
				GCC_DYNAMIC_NO_PIC = NO;
				GCC_NO_COMMON_BLOCKS = YES;
				GCC_OPTIMIZATION_LEVEL = 0;
				GCC_PREPROCESSOR_DEFINITIONS = (
					"DEBUG=1",
					"$(inherited)",
				);
				GCC_WARN_64_TO_32_BIT_CONVERSION = YES;
				GCC_WARN_ABOUT_RETURN_TYPE = YES_ERROR;
				GCC_WARN_UNDECLARED_SELECTOR = YES;
				GCC_WARN_UNINITIALIZED_AUTOS = YES_AGGRESSIVE;
				GCC_WARN_UNUSED_FUNCTION = YES;
				GCC_WARN_UNUSED_VARIABLE = YES;
				IPHONEOS_DEPLOYMENT_TARGET = 9.3;
				MTL_ENABLE_DEBUG_INFO = YES;
				ONLY_ACTIVE_ARCH = YES;
				SDKROOT = iphoneos;
			};
			name = Debug;
		};
		630BADF01D4F229000E3A25D /* Release */ = {
			isa = XCBuildConfiguration;
			buildSettings = {
				ALWAYS_SEARCH_USER_PATHS = NO;
				CLANG_ANALYZER_NONNULL = YES;
				CLANG_CXX_LANGUAGE_STANDARD = "gnu++0x";
				CLANG_CXX_LIBRARY = "libc++";
				CLANG_ENABLE_MODULES = YES;
				CLANG_ENABLE_OBJC_ARC = YES;
				CLANG_WARN_BOOL_CONVERSION = YES;
				CLANG_WARN_CONSTANT_CONVERSION = YES;
				CLANG_WARN_DIRECT_OBJC_ISA_USAGE = YES_ERROR;
				CLANG_WARN_EMPTY_BODY = YES;
				CLANG_WARN_ENUM_CONVERSION = YES;
				CLANG_WARN_INT_CONVERSION = YES;
				CLANG_WARN_OBJC_ROOT_CLASS = YES_ERROR;
				CLANG_WARN_UNREACHABLE_CODE = YES;
				CLANG_WARN__DUPLICATE_METHOD_MATCH = YES;
				"CODE_SIGN_IDENTITY[sdk=iphoneos*]" = "iPhone Developer";
				COPY_PHASE_STRIP = NO;
				DEBUG_INFORMATION_FORMAT = "dwarf-with-dsym";
				ENABLE_NS_ASSERTIONS = NO;
				ENABLE_STRICT_OBJC_MSGSEND = YES;
				GCC_C_LANGUAGE_STANDARD = gnu99;
				GCC_NO_COMMON_BLOCKS = YES;
				GCC_WARN_64_TO_32_BIT_CONVERSION = YES;
				GCC_WARN_ABOUT_RETURN_TYPE = YES_ERROR;
				GCC_WARN_UNDECLARED_SELECTOR = YES;
				GCC_WARN_UNINITIALIZED_AUTOS = YES_AGGRESSIVE;
				GCC_WARN_UNUSED_FUNCTION = YES;
				GCC_WARN_UNUSED_VARIABLE = YES;
				IPHONEOS_DEPLOYMENT_TARGET = 9.3;
				MTL_ENABLE_DEBUG_INFO = NO;
				SDKROOT = iphoneos;
				VALIDATE_PRODUCT = YES;
			};
			name = Release;
		};
		630BADF21D4F229000E3A25D /* Debug */ = {
			isa = XCBuildConfiguration;
			buildSettings = {
				ASSETCATALOG_COMPILER_APPICON_NAME = AppIcon;
				ASSETCATALOG_COMPILER_LAUNCHIMAGE_NAME = LaunchImage;
				GCC_PRECOMPILE_PREFIX_HEADER = YES;
				GCC_PREFIX_HEADER = "$(SRCROOT)/Imitate_YoCelsius/PrefixHeader.pch";
				INFOPLIST_FILE = Imitate_YoCelsius/Info.plist;
				IPHONEOS_DEPLOYMENT_TARGET = 8.0;
				LD_RUNPATH_SEARCH_PATHS = "$(inherited) @executable_path/Frameworks";
				PRODUCT_BUNDLE_IDENTIFIER = "com.guodong.Imitate-YoCelsius";
				PRODUCT_NAME = "$(TARGET_NAME)";
			};
			name = Debug;
		};
		630BADF31D4F229000E3A25D /* Release */ = {
			isa = XCBuildConfiguration;
			buildSettings = {
				ASSETCATALOG_COMPILER_APPICON_NAME = AppIcon;
				ASSETCATALOG_COMPILER_LAUNCHIMAGE_NAME = LaunchImage;
				GCC_PRECOMPILE_PREFIX_HEADER = YES;
				GCC_PREFIX_HEADER = "$(SRCROOT)/Imitate_YoCelsius/PrefixHeader.pch";
				INFOPLIST_FILE = Imitate_YoCelsius/Info.plist;
				IPHONEOS_DEPLOYMENT_TARGET = 8.0;
				LD_RUNPATH_SEARCH_PATHS = "$(inherited) @executable_path/Frameworks";
				PRODUCT_BUNDLE_IDENTIFIER = "com.guodong.Imitate-YoCelsius";
				PRODUCT_NAME = "$(TARGET_NAME)";
			};
			name = Release;
		};
/* End XCBuildConfiguration section */

/* Begin XCConfigurationList section */
		630BADD51D4F228F00E3A25D /* Build configuration list for PBXProject "Imitate_YoCelsius" */ = {
			isa = XCConfigurationList;
			buildConfigurations = (
				630BADEF1D4F229000E3A25D /* Debug */,
				630BADF01D4F229000E3A25D /* Release */,
			);
			defaultConfigurationIsVisible = 0;
			defaultConfigurationName = Release;
		};
		630BADF11D4F229000E3A25D /* Build configuration list for PBXNativeTarget "Imitate_YoCelsius" */ = {
			isa = XCConfigurationList;
			buildConfigurations = (
				630BADF21D4F229000E3A25D /* Debug */,
				630BADF31D4F229000E3A25D /* Release */,
			);
			defaultConfigurationIsVisible = 0;
			defaultConfigurationName = Release;
		};
/* End XCConfigurationList section */
	};
	rootObject = 630BADD21D4F228F00E3A25D /* Project object */;
}
